
Microsoft Visual Studio Solution File, Format Version 12.00
# Visual Studio Version 17
VisualStudioVersion = 17.5.002.0
MinimumVisualStudioVersion = 10.0.40219.1
Project("{9A19103F-16F7-4668-BE54-9A1E7A4F7556}") = "BackgroundTaskPoc", "BackgroundTaskPoc.csproj", "{DABEA01E-D3EC-44E9-A073-2C4043E1DB37}"
EndProject
Global
	GlobalSection(SolutionConfigurationPlatforms) = preSolution
		Debug|Any CPU = Debug|Any CPU
		Release|Any CPU = Release|Any CPU
	EndGlobalSection
	GlobalSection(ProjectConfigurationPlatforms) = postSolution
		{DABEA01E-D3EC-44E9-A073-2C4043E1DB37}.Debug|Any CPU.ActiveCfg = Debug|Any CPU
		{DABEA01E-D3EC-44E9-A073-2C4043E1DB37}.Debug|Any CPU.Build.0 = Debug|Any CPU
		{DABEA01E-D3EC-44E9-A073-2C4043E1DB37}.Release|Any CPU.ActiveCfg = Release|Any CPU
		{DABEA01E-D3EC-44E9-A073-2C4043E1DB37}.Release|Any CPU.Build.0 = Release|Any CPU
	EndGlobalSection
	GlobalSection(SolutionProperties) = preSolution
		HideSolutionNode = FALSE
	EndGlobalSection
	GlobalSection(ExtensibilityGlobals) = postSolution
		SolutionGuid = {94CC541F-A843-42DF-9A4D-DACD1A8575DC}
	EndGlobalSection
EndGlobal
